
Microsoft Visual Studio Solution File, Format Version 12.00
# Visual Studio Version 16
VisualStudioVersion = 16.0.30907.101
MinimumVisualStudioVersion = 10.0.40219.1
Project("{9A19103F-16F7-4668-BE54-9A1E7A4F7556}") = "WebApiAulaSD", "WebApiAulaSD\WebApiAulaSD.csproj", "{3619CFDA-B494-4E3F-8BDA-B1DA158C5D30}"
EndProject
Project("{9A19103F-16F7-4668-BE54-9A1E7A4F7556}") = "FrontEnd", "FrontEnd\FrontEnd.csproj", "{CE0A44D4-BD97-4A3E-98B2-86D0FBF7687E}"
EndProject
Project("{FAE04EC0-301F-11D3-BF4B-00C04F79EFBC}") = "Compartilhado", "Compartilhado\Compartilhado.csproj", "{7F6BA91E-48C8-418B-B69D-C602DE27A735}"
EndProject
Global
	GlobalSection(SolutionConfigurationPlatforms) = preSolution
		Debug|Any CPU = Debug|Any CPU
		Release|Any CPU = Release|Any CPU
	EndGlobalSection
	GlobalSection(ProjectConfigurationPlatforms) = postSolution
		{3619CFDA-B494-4E3F-8BDA-B1DA158C5D30}.Debug|Any CPU.ActiveCfg = Debug|Any CPU
		{3619CFDA-B494-4E3F-8BDA-B1DA158C5D30}.Debug|Any CPU.Build.0 = Debug|Any CPU
		{3619CFDA-B494-4E3F-8BDA-B1DA158C5D30}.Release|Any CPU.ActiveCfg = Release|Any CPU
		{3619CFDA-B494-4E3F-8BDA-B1DA158C5D30}.Release|Any CPU.Build.0 = Release|Any CPU
		{CE0A44D4-BD97-4A3E-98B2-86D0FBF7687E}.Debug|Any CPU.ActiveCfg = Debug|Any CPU
		{CE0A44D4-BD97-4A3E-98B2-86D0FBF7687E}.Debug|Any CPU.Build.0 = Debug|Any CPU
		{CE0A44D4-BD97-4A3E-98B2-86D0FBF7687E}.Release|Any CPU.ActiveCfg = Release|Any CPU
		{CE0A44D4-BD97-4A3E-98B2-86D0FBF7687E}.Release|Any CPU.Build.0 = Release|Any CPU
		{7F6BA91E-48C8-418B-B69D-C602DE27A735}.Debug|Any CPU.ActiveCfg = Debug|Any CPU
		{7F6BA91E-48C8-418B-B69D-C602DE27A735}.Debug|Any CPU.Build.0 = Debug|Any CPU
		{7F6BA91E-48C8-418B-B69D-C602DE27A735}.Release|Any CPU.ActiveCfg = Release|Any CPU
		{7F6BA91E-48C8-418B-B69D-C602DE27A735}.Release|Any CPU.Build.0 = Release|Any CPU
	EndGlobalSection
	GlobalSection(SolutionProperties) = preSolution
		HideSolutionNode = FALSE
	EndGlobalSection
	GlobalSection(ExtensibilityGlobals) = postSolution
		SolutionGuid = {5EB3CA12-9386-459A-944C-F3D6EEFEE59F}
	EndGlobalSection
EndGlobal
